{
  "pins" : [
    {
      "identity" : "toast-swift",
      "kind" : "remoteSourceControl",
      "location" : "https://github.com/BastiaanJansen/toast-swift",
      "state" : {
        "revision" : "7e9e3fa6c85dc76ab996abb09b26f5fc14bec26b",
        "version" : "1.3.2"
      }
    }
  ],
  "version" : 2
}
